
Microsoft Visual Studio Solution File, Format Version 12.00
# Visual Studio Version 17
VisualStudioVersion = 17.10.35027.167
MinimumVisualStudioVersion = 10.0.40219.1
Project("{FAE04EC0-301F-11D3-BF4B-00C04F79EFBC}") = "phoneBook.czerviik", "phoneBook.czerviik.csproj", "{F150A1EB-4FC7-4F3F-B8FE-293A0F0479DA}"
EndProject
Global
	GlobalSection(SolutionConfigurationPlatforms) = preSolution
		Debug|Any CPU = Debug|Any CPU
		Release|Any CPU = Release|Any CPU
	EndGlobalSection
	GlobalSection(ProjectConfigurationPlatforms) = postSolution
		{F150A1EB-4FC7-4F3F-B8FE-293A0F0479DA}.Debug|Any CPU.ActiveCfg = Debug|Any CPU
		{F150A1EB-4FC7-4F3F-B8FE-293A0F0479DA}.Debug|Any CPU.Build.0 = Debug|Any CPU
		{F150A1EB-4FC7-4F3F-B8FE-293A0F0479DA}.Release|Any CPU.ActiveCfg = Release|Any CPU
		{F150A1EB-4FC7-4F3F-B8FE-293A0F0479DA}.Release|Any CPU.Build.0 = Release|Any CPU
	EndGlobalSection
	GlobalSection(SolutionProperties) = preSolution
		HideSolutionNode = FALSE
	EndGlobalSection
	GlobalSection(ExtensibilityGlobals) = postSolution
		SolutionGuid = {DDE319D6-89BA-44D2-BCF8-8F14A5EA2270}
	EndGlobalSection
EndGlobal
